
Microsoft Visual Studio Solution File, Format Version 12.00
# Visual Studio 15
VisualStudioVersion = 15.0.28307.645
MinimumVisualStudioVersion = 10.0.40219.1
Project("{FAE04EC0-301F-11D3-BF4B-00C04F79EFBC}") = "WebApiVersioning.uUri", "WebApiVersioning\WebApiVersioning.uUri.csproj", "{42EA7D9E-3CC7-4309-B544-2393F6ABD869}"
EndProject
Project("{FAE04EC0-301F-11D3-BF4B-00C04F79EFBC}") = "WebApiVersioning.uQueryStringParameter", "WebApiVersioning.QueryStringParameter\WebApiVersioning.uQueryStringParameter.csproj", "{A22F4194-DA03-40C5-8F3A-0AF99D4B880C}"
EndProject
Project("{FAE04EC0-301F-11D3-BF4B-00C04F79EFBC}") = "WebApiVersioning.uAcceptHeaderParameter", "WebApiVersioning.uAcceptHeaderParameter\WebApiVersioning.uAcceptHeaderParameter.csproj", "{46EA8A53-22E1-4890-8B1D-7B66128D49DF}"
EndProject
Project("{2150E333-8FDC-42A3-9474-1A3956D46DE8}") = "Refer", "Refer", "{96CBB7B3-9DD1-43E7-A3FE-14BF51270F8A}"
	ProjectSection(SolutionItems) = preProject
		Refer.txt = Refer.txt
	EndProjectSection
EndProject
Global
	GlobalSection(SolutionConfigurationPlatforms) = preSolution
		Debug|Any CPU = Debug|Any CPU
		Release|Any CPU = Release|Any CPU
	EndGlobalSection
	GlobalSection(ProjectConfigurationPlatforms) = postSolution
		{42EA7D9E-3CC7-4309-B544-2393F6ABD869}.Debug|Any CPU.ActiveCfg = Debug|Any CPU
		{42EA7D9E-3CC7-4309-B544-2393F6ABD869}.Debug|Any CPU.Build.0 = Debug|Any CPU
		{42EA7D9E-3CC7-4309-B544-2393F6ABD869}.Release|Any CPU.ActiveCfg = Release|Any CPU
		{42EA7D9E-3CC7-4309-B544-2393F6ABD869}.Release|Any CPU.Build.0 = Release|Any CPU
		{A22F4194-DA03-40C5-8F3A-0AF99D4B880C}.Debug|Any CPU.ActiveCfg = Debug|Any CPU
		{A22F4194-DA03-40C5-8F3A-0AF99D4B880C}.Debug|Any CPU.Build.0 = Debug|Any CPU
		{A22F4194-DA03-40C5-8F3A-0AF99D4B880C}.Release|Any CPU.ActiveCfg = Release|Any CPU
		{A22F4194-DA03-40C5-8F3A-0AF99D4B880C}.Release|Any CPU.Build.0 = Release|Any CPU
		{46EA8A53-22E1-4890-8B1D-7B66128D49DF}.Debug|Any CPU.ActiveCfg = Debug|Any CPU
		{46EA8A53-22E1-4890-8B1D-7B66128D49DF}.Debug|Any CPU.Build.0 = Debug|Any CPU
		{46EA8A53-22E1-4890-8B1D-7B66128D49DF}.Release|Any CPU.ActiveCfg = Release|Any CPU
		{46EA8A53-22E1-4890-8B1D-7B66128D49DF}.Release|Any CPU.Build.0 = Release|Any CPU
	EndGlobalSection
	GlobalSection(SolutionProperties) = preSolution
		HideSolutionNode = FALSE
	EndGlobalSection
	GlobalSection(ExtensibilityGlobals) = postSolution
		SolutionGuid = {00D7B2BE-99A7-459D-8BB9-BA778E69BF6D}
	EndGlobalSection
EndGlobal
